# This file is generated by running "yarn install" inside your project.
# Manual changes might be lost - proceed with caution!

__metadata:
  version: 6
  cacheKey: 8

"@esbuild/android-arm64@npm:0.17.19":
  version: 0.17.19
  resolution: "@esbuild/android-arm64@npm:0.17.19"
  conditions: os=android & cpu=arm64
  languageName: node
  linkType: hard

"@esbuild/android-arm@npm:0.17.19":
  version: 0.17.19
  resolution: "@esbuild/android-arm@npm:0.17.19"
  conditions: os=android & cpu=arm
  languageName: node
  linkType: hard

"@esbuild/android-x64@npm:0.17.19":
  version: 0.17.19
  resolution: "@esbuild/android-x64@npm:0.17.19"
  conditions: os=android & cpu=x64
  languageName: node
  linkType: hard

"@esbuild/darwin-arm64@npm:0.17.19":
  version: 0.17.19
  resolution: "@esbuild/darwin-arm64@npm:0.17.19"
  conditions: os=darwin & cpu=arm64
  languageName: node
  linkType: hard

"@esbuild/darwin-x64@npm:0.17.19":
  version: 0.17.19
  resolution: "@esbuild/darwin-x64@npm:0.17.19"
  conditions: os=darwin & cpu=x64
  languageName: node
  linkType: hard

"@esbuild/freebsd-arm64@npm:0.17.19":
  version: 0.17.19
  resolution: "@esbuild/freebsd-arm64@npm:0.17.19"
  conditions: os=freebsd & cpu=arm64
  languageName: node
  linkType: hard

"@esbuild/freebsd-x64@npm:0.17.19":
  version: 0.17.19
  resolution: "@esbuild/freebsd-x64@npm:0.17.19"
  conditions: os=freebsd & cpu=x64
  languageName: node
  linkType: hard

"@esbuild/linux-arm64@npm:0.17.19":
  version: 0.17.19
  resolution: "@esbuild/linux-arm64@npm:0.17.19"
  conditions: os=linux & cpu=arm64
  languageName: node
  linkType: hard

"@esbuild/linux-arm@npm:0.17.19":
  version: 0.17.19
  resolution: "@esbuild/linux-arm@npm:0.17.19"
  conditions: os=linux & cpu=arm
  languageName: node
  linkType: hard

"@esbuild/linux-ia32@npm:0.17.19":
  version: 0.17.19
  resolution: "@esbuild/linux-ia32@npm:0.17.19"
  conditions: os=linux & cpu=ia32
  languageName: node
  linkType: hard

"@esbuild/linux-loong64@npm:0.17.19":
  version: 0.17.19
  resolution: "@esbuild/linux-loong64@npm:0.17.19"
  conditions: os=linux & cpu=loong64
  languageName: node
  linkType: hard

"@esbuild/linux-mips64el@npm:0.17.19":
  version: 0.17.19
  resolution: "@esbuild/linux-mips64el@npm:0.17.19"
  conditions: os=linux & cpu=mips64el
  languageName: node
  linkType: hard

"@esbuild/linux-ppc64@npm:0.17.19":
  version: 0.17.19
  resolution: "@esbuild/linux-ppc64@npm:0.17.19"
  conditions: os=linux & cpu=ppc64
  languageName: node
  linkType: hard

"@esbuild/linux-riscv64@npm:0.17.19":
  version: 0.17.19
  resolution: "@esbuild/linux-riscv64@npm:0.17.19"
  conditions: os=linux & cpu=riscv64
  languageName: node
  linkType: hard

"@esbuild/linux-s390x@npm:0.17.19":
  version: 0.17.19
  resolution: "@esbuild/linux-s390x@npm:0.17.19"
  conditions: os=linux & cpu=s390x
  languageName: node
  linkType: hard

"@esbuild/linux-x64@npm:0.17.19":
  version: 0.17.19
  resolution: "@esbuild/linux-x64@npm:0.17.19"
  conditions: os=linux & cpu=x64
  languageName: node
  linkType: hard

"@esbuild/netbsd-x64@npm:0.17.19":
  version: 0.17.19
  resolution: "@esbuild/netbsd-x64@npm:0.17.19"
  conditions: os=netbsd & cpu=x64
  languageName: node
  linkType: hard

"@esbuild/openbsd-x64@npm:0.17.19":
  version: 0.17.19
  resolution: "@esbuild/openbsd-x64@npm:0.17.19"
  conditions: os=openbsd & cpu=x64
  languageName: node
  linkType: hard

"@esbuild/sunos-x64@npm:0.17.19":
  version: 0.17.19
  resolution: "@esbuild/sunos-x64@npm:0.17.19"
  conditions: os=sunos & cpu=x64
  languageName: node
  linkType: hard

"@esbuild/win32-arm64@npm:0.17.19":
  version: 0.17.19
  resolution: "@esbuild/win32-arm64@npm:0.17.19"
  conditions: os=win32 & cpu=arm64
  languageName: node
  linkType: hard

"@esbuild/win32-ia32@npm:0.17.19":
  version: 0.17.19
  resolution: "@esbuild/win32-ia32@npm:0.17.19"
  conditions: os=win32 & cpu=ia32
  languageName: node
  linkType: hard

"@esbuild/win32-x64@npm:0.17.19":
  version: 0.17.19
  resolution: "@esbuild/win32-x64@npm:0.17.19"
  conditions: os=win32 & cpu=x64
  languageName: node
  linkType: hard

"@pkgr/core@npm:^0.1.0":
  version: 0.1.0
  resolution: "@pkgr/core@npm:0.1.0"
  checksum: eeff0e0e517b1ed10eb4c1a8971413a8349bbfdab727dbe7d4085fd94eab95f0c3beb51b9245fef30562849d2a7a119e07ca48c343c8c4ec4e64ee289f50fe5e
  languageName: node
  linkType: hard

"esbuild@npm:^0.17.5":
  version: 0.17.19
  resolution: "esbuild@npm:0.17.19"
  dependencies:
    "@esbuild/android-arm": 0.17.19
    "@esbuild/android-arm64": 0.17.19
    "@esbuild/android-x64": 0.17.19
    "@esbuild/darwin-arm64": 0.17.19
    "@esbuild/darwin-x64": 0.17.19
    "@esbuild/freebsd-arm64": 0.17.19
    "@esbuild/freebsd-x64": 0.17.19
    "@esbuild/linux-arm": 0.17.19
    "@esbuild/linux-arm64": 0.17.19
    "@esbuild/linux-ia32": 0.17.19
    "@esbuild/linux-loong64": 0.17.19
    "@esbuild/linux-mips64el": 0.17.19
    "@esbuild/linux-ppc64": 0.17.19
    "@esbuild/linux-riscv64": 0.17.19
    "@esbuild/linux-s390x": 0.17.19
    "@esbuild/linux-x64": 0.17.19
    "@esbuild/netbsd-x64": 0.17.19
    "@esbuild/openbsd-x64": 0.17.19
    "@esbuild/sunos-x64": 0.17.19
    "@esbuild/win32-arm64": 0.17.19
    "@esbuild/win32-ia32": 0.17.19
    "@esbuild/win32-x64": 0.17.19
  dependenciesMeta:
    "@esbuild/android-arm":
      optional: true
    "@esbuild/android-arm64":
      optional: true
    "@esbuild/android-x64":
      optional: true
    "@esbuild/darwin-arm64":
      optional: true
    "@esbuild/darwin-x64":
      optional: true
    "@esbuild/freebsd-arm64":
      optional: true
    "@esbuild/freebsd-x64":
      optional: true
    "@esbuild/linux-arm":
      optional: true
    "@esbuild/linux-arm64":
      optional: true
    "@esbuild/linux-ia32":
      optional: true
    "@esbuild/linux-loong64":
      optional: true
    "@esbuild/linux-mips64el":
      optional: true
    "@esbuild/linux-ppc64":
      optional: true
    "@esbuild/linux-riscv64":
      optional: true
    "@esbuild/linux-s390x":
      optional: true
    "@esbuild/linux-x64":
      optional: true
    "@esbuild/netbsd-x64":
      optional: true
    "@esbuild/openbsd-x64":
      optional: true
    "@esbuild/sunos-x64":
      optional: true
    "@esbuild/win32-arm64":
      optional: true
    "@esbuild/win32-ia32":
      optional: true
    "@esbuild/win32-x64":
      optional: true
  bin:
    esbuild: bin/esbuild
  checksum: ac11b1a5a6008e4e37ccffbd6c2c054746fc58d0ed4a2f9ee643bd030cfcea9a33a235087bc777def8420f2eaafb3486e76adb7bdb7241a9143b43a69a10afd8
  languageName: node
  linkType: hard

"eslint-config-prettier@npm:^9.1.0":
  version: 9.1.0
  resolution: "eslint-config-prettier@npm:9.1.0"
  peerDependencies:
    eslint: ">=7.0.0"
  bin:
    eslint-config-prettier: bin/cli.js
  checksum: 9229b768c879f500ee54ca05925f31b0c0bafff3d9f5521f98ff05127356de78c81deb9365c86a5ec4efa990cb72b74df8612ae15965b14136044c73e1f6a907
  languageName: node
  linkType: hard

"eslint-plugin-prettier@npm:^5.1.2":
  version: 5.1.2
  resolution: "eslint-plugin-prettier@npm:5.1.2"
  dependencies:
    prettier-linter-helpers: ^1.0.0
    synckit: ^0.8.6
  peerDependencies:
    "@types/eslint": ">=8.0.0"
    eslint: ">=8.0.0"
    eslint-config-prettier: "*"
    prettier: ">=3.0.0"
  peerDependenciesMeta:
    "@types/eslint":
      optional: true
    eslint-config-prettier:
      optional: true
  checksum: ee972ca16c1d05773abe370dcd43c71ffe729ad4eca86752e21be3d4afbc18f04184b4143e9d17869395d534eb8ad685b7589fcdc2706cb734fe17c3c3f4e6cd
  languageName: node
  linkType: hard

"fast-diff@npm:^1.1.2":
  version: 1.3.0
  resolution: "fast-diff@npm:1.3.0"
  checksum: d22d371b994fdc8cce9ff510d7b8dc4da70ac327bcba20df607dd5b9cae9f908f4d1028f5fe467650f058d1e7270235ae0b8230809a262b4df587a3b3aa216c3
  languageName: node
  linkType: hard

"mppnet@workspace:.":
  version: 0.0.0-use.local
  resolution: "mppnet@workspace:."
  dependencies:
    esbuild: ^0.17.5
    eslint-config-prettier: ^9.1.0
    eslint-plugin-prettier: ^5.1.2
  languageName: unknown
  linkType: soft

"prettier-linter-helpers@npm:^1.0.0":
  version: 1.0.0
  resolution: "prettier-linter-helpers@npm:1.0.0"
  dependencies:
    fast-diff: ^1.1.2
  checksum: 00ce8011cf6430158d27f9c92cfea0a7699405633f7f1d4a45f07e21bf78e99895911cbcdc3853db3a824201a7c745bd49bfea8abd5fb9883e765a90f74f8392
  languageName: node
  linkType: hard

"synckit@npm:^0.8.6":
  version: 0.8.8
  resolution: "synckit@npm:0.8.8"
  dependencies:
    "@pkgr/core": ^0.1.0
    tslib: ^2.6.2
  checksum: 9ed5d33abb785f5f24e2531efd53b2782ca77abf7912f734d170134552b99001915531be5a50297aa45c5701b5c9041e8762e6cd7a38e41e2461c1e7fccdedf8
  languageName: node
  linkType: hard

"tslib@npm:^2.6.2":
  version: 2.6.2
  resolution: "tslib@npm:2.6.2"
  checksum: 329ea56123005922f39642318e3d1f0f8265d1e7fcb92c633e0809521da75eeaca28d2cf96d7248229deb40e5c19adf408259f4b9640afd20d13aecc1430f3ad
  languageName: node
  linkType: hard
